
Microsoft Visual Studio Solution File, Format Version 12.00
# Visual Studio Version 17
VisualStudioVersion = 17.4.33205.214
MinimumVisualStudioVersion = 10.0.40219.1
Project("{9A19103F-16F7-4668-BE54-9A1E7A4F7556}") = "StudentApp.DataModel", "StudentApp.DataModel\StudentApp.DataModel.csproj", "{8155334C-D771-4939-88AD-4628CD92984E}"
EndProject
Project("{FAE04EC0-301F-11D3-BF4B-00C04F79EFBC}") = "StudentApp.Seeder", "StudentApp.Seeder\StudentApp.Seeder.csproj", "{12F430E9-F7C5-4065-9412-EB9BC9B72072}"
EndProject
Project("{FAE04EC0-301F-11D3-BF4B-00C04F79EFBC}") = "StudentApp.Viewer", "StudentApp.Viewer\StudentApp.Viewer.csproj", "{8D69E94E-F592-4660-B456-F9413BD106D2}"
EndProject
Global
	GlobalSection(SolutionConfigurationPlatforms) = preSolution
		Debug|Any CPU = Debug|Any CPU
		Release|Any CPU = Release|Any CPU
	EndGlobalSection
	GlobalSection(ProjectConfigurationPlatforms) = postSolution
		{8155334C-D771-4939-88AD-4628CD92984E}.Debug|Any CPU.ActiveCfg = Debug|Any CPU
		{8155334C-D771-4939-88AD-4628CD92984E}.Debug|Any CPU.Build.0 = Debug|Any CPU
		{8155334C-D771-4939-88AD-4628CD92984E}.Release|Any CPU.ActiveCfg = Release|Any CPU
		{8155334C-D771-4939-88AD-4628CD92984E}.Release|Any CPU.Build.0 = Release|Any CPU
		{12F430E9-F7C5-4065-9412-EB9BC9B72072}.Debug|Any CPU.ActiveCfg = Debug|Any CPU
		{12F430E9-F7C5-4065-9412-EB9BC9B72072}.Debug|Any CPU.Build.0 = Debug|Any CPU
		{12F430E9-F7C5-4065-9412-EB9BC9B72072}.Release|Any CPU.ActiveCfg = Release|Any CPU
		{12F430E9-F7C5-4065-9412-EB9BC9B72072}.Release|Any CPU.Build.0 = Release|Any CPU
		{8D69E94E-F592-4660-B456-F9413BD106D2}.Debug|Any CPU.ActiveCfg = Debug|Any CPU
		{8D69E94E-F592-4660-B456-F9413BD106D2}.Debug|Any CPU.Build.0 = Debug|Any CPU
		{8D69E94E-F592-4660-B456-F9413BD106D2}.Release|Any CPU.ActiveCfg = Release|Any CPU
		{8D69E94E-F592-4660-B456-F9413BD106D2}.Release|Any CPU.Build.0 = Release|Any CPU
	EndGlobalSection
	GlobalSection(SolutionProperties) = preSolution
		HideSolutionNode = FALSE
	EndGlobalSection
	GlobalSection(ExtensibilityGlobals) = postSolution
		SolutionGuid = {E11C3002-4D2E-4F73-A135-FBD48F5B55B6}
	EndGlobalSection
EndGlobal
